
Microsoft Visual Studio Solution File, Format Version 12.00
# Visual Studio 15
VisualStudioVersion = 15.0.28307.168
MinimumVisualStudioVersion = 10.0.40219.1
Project("{FAE04EC0-301F-11D3-BF4B-00C04F79EFBC}") = "MyShop.Core", "MyShop.Core\MyShop.Core.csproj", "{5A9EDC74-AF6D-4603-B348-901B36084038}"
EndProject
Project("{FAE04EC0-301F-11D3-BF4B-00C04F79EFBC}") = "MyShop.Services", "MyShop.Services\MyShop.Services.csproj", "{DF6E08DE-26F7-4C41-8EE4-521EA99D7C9A}"
EndProject
Project("{FAE04EC0-301F-11D3-BF4B-00C04F79EFBC}") = "MyShop.DataAccess.SQL", "MyShop.DataAccess.SQL\MyShop.DataAccess.SQL.csproj", "{B745F0EB-62A1-4DBA-9BC6-7B6F457007B1}"
EndProject
Project("{FAE04EC0-301F-11D3-BF4B-00C04F79EFBC}") = "MyShop.DataAccess.InMemory", "MyShop.DataAccess.InMemory\MyShop.DataAccess.InMemory.csproj", "{46757103-34E9-4020-983A-0F87D2107F31}"
EndProject
Project("{FAE04EC0-301F-11D3-BF4B-00C04F79EFBC}") = "MyShop.WebUI", "MyShop.WebUI\MyShop.WebUI.csproj", "{664BAD99-2B81-489E-BAA9-646F77D2B495}"
EndProject
Project("{FAE04EC0-301F-11D3-BF4B-00C04F79EFBC}") = "MyShop.WebUI.Tests", "MyShop.WebUI.Tests\MyShop.WebUI.Tests.csproj", "{00CBD659-A7FD-4647-997C-1CF6D12B9A7D}"
EndProject
Global
	GlobalSection(SolutionConfigurationPlatforms) = preSolution
		Debug|Any CPU = Debug|Any CPU
		Release|Any CPU = Release|Any CPU
	EndGlobalSection
	GlobalSection(ProjectConfigurationPlatforms) = postSolution
		{5A9EDC74-AF6D-4603-B348-901B36084038}.Debug|Any CPU.ActiveCfg = Debug|Any CPU
		{5A9EDC74-AF6D-4603-B348-901B36084038}.Debug|Any CPU.Build.0 = Debug|Any CPU
		{5A9EDC74-AF6D-4603-B348-901B36084038}.Release|Any CPU.ActiveCfg = Release|Any CPU
		{5A9EDC74-AF6D-4603-B348-901B36084038}.Release|Any CPU.Build.0 = Release|Any CPU
		{DF6E08DE-26F7-4C41-8EE4-521EA99D7C9A}.Debug|Any CPU.ActiveCfg = Debug|Any CPU
		{DF6E08DE-26F7-4C41-8EE4-521EA99D7C9A}.Debug|Any CPU.Build.0 = Debug|Any CPU
		{DF6E08DE-26F7-4C41-8EE4-521EA99D7C9A}.Release|Any CPU.ActiveCfg = Release|Any CPU
		{DF6E08DE-26F7-4C41-8EE4-521EA99D7C9A}.Release|Any CPU.Build.0 = Release|Any CPU
		{B745F0EB-62A1-4DBA-9BC6-7B6F457007B1}.Debug|Any CPU.ActiveCfg = Debug|Any CPU
		{B745F0EB-62A1-4DBA-9BC6-7B6F457007B1}.Debug|Any CPU.Build.0 = Debug|Any CPU
		{B745F0EB-62A1-4DBA-9BC6-7B6F457007B1}.Release|Any CPU.ActiveCfg = Release|Any CPU
		{B745F0EB-62A1-4DBA-9BC6-7B6F457007B1}.Release|Any CPU.Build.0 = Release|Any CPU
		{46757103-34E9-4020-983A-0F87D2107F31}.Debug|Any CPU.ActiveCfg = Debug|Any CPU
		{46757103-34E9-4020-983A-0F87D2107F31}.Debug|Any CPU.Build.0 = Debug|Any CPU
		{46757103-34E9-4020-983A-0F87D2107F31}.Release|Any CPU.ActiveCfg = Release|Any CPU
		{46757103-34E9-4020-983A-0F87D2107F31}.Release|Any CPU.Build.0 = Release|Any CPU
		{664BAD99-2B81-489E-BAA9-646F77D2B495}.Debug|Any CPU.ActiveCfg = Debug|Any CPU
		{664BAD99-2B81-489E-BAA9-646F77D2B495}.Debug|Any CPU.Build.0 = Debug|Any CPU
		{664BAD99-2B81-489E-BAA9-646F77D2B495}.Release|Any CPU.ActiveCfg = Release|Any CPU
		{664BAD99-2B81-489E-BAA9-646F77D2B495}.Release|Any CPU.Build.0 = Release|Any CPU
		{00CBD659-A7FD-4647-997C-1CF6D12B9A7D}.Debug|Any CPU.ActiveCfg = Debug|Any CPU
		{00CBD659-A7FD-4647-997C-1CF6D12B9A7D}.Debug|Any CPU.Build.0 = Debug|Any CPU
		{00CBD659-A7FD-4647-997C-1CF6D12B9A7D}.Release|Any CPU.ActiveCfg = Release|Any CPU
		{00CBD659-A7FD-4647-997C-1CF6D12B9A7D}.Release|Any CPU.Build.0 = Release|Any CPU
	EndGlobalSection
	GlobalSection(SolutionProperties) = preSolution
		HideSolutionNode = FALSE
	EndGlobalSection
	GlobalSection(ExtensibilityGlobals) = postSolution
		SolutionGuid = {098004A8-8252-401E-906E-6C34D24103B6}
	EndGlobalSection
EndGlobal
